
Microsoft Visual Studio Solution File, Format Version 12.00
# Visual Studio Version 17
VisualStudioVersion = 17.6.33829.357
MinimumVisualStudioVersion = 10.0.40219.1
Project("{8BC9CEB8-8B4A-11D0-8D11-00A0C91BC942}") = "DMALib", "DMALib\DMALib.vcxproj", "{18CE400D-6F33-4A0C-A24A-CF9ED14237FF}"
EndProject
Global
	GlobalSection(SolutionConfigurationPlatforms) = preSolution
		Debug|x64 = Debug|x64
		Debug|x86 = Debug|x86
		Release|x64 = Release|x64
		Release|x86 = Release|x86
	EndGlobalSection
	GlobalSection(ProjectConfigurationPlatforms) = postSolution
		{18CE400D-6F33-4A0C-A24A-CF9ED14237FF}.Debug|x64.ActiveCfg = Debug|x64
		{18CE400D-6F33-4A0C-A24A-CF9ED14237FF}.Debug|x64.Build.0 = Debug|x64
		{18CE400D-6F33-4A0C-A24A-CF9ED14237FF}.Debug|x86.ActiveCfg = Debug|Win32
		{18CE400D-6F33-4A0C-A24A-CF9ED14237FF}.Debug|x86.Build.0 = Debug|Win32
		{18CE400D-6F33-4A0C-A24A-CF9ED14237FF}.Release|x64.ActiveCfg = Release|x64
		{18CE400D-6F33-4A0C-A24A-CF9ED14237FF}.Release|x64.Build.0 = Release|x64
		{18CE400D-6F33-4A0C-A24A-CF9ED14237FF}.Release|x86.ActiveCfg = Release|Win32
		{18CE400D-6F33-4A0C-A24A-CF9ED14237FF}.Release|x86.Build.0 = Release|Win32
	EndGlobalSection
	GlobalSection(SolutionProperties) = preSolution
		HideSolutionNode = FALSE
	EndGlobalSection
	GlobalSection(ExtensibilityGlobals) = postSolution
		SolutionGuid = {38A03358-E98C-4BBE-BCF6-4FB51CDFD602}
	EndGlobalSection
EndGlobal
